{
  "version": 4,
  "terraform_version": "1.5.7",
  "serial": 93,
  "lineage": "30d7b889-8737-2a84-d58b-7ba9e099215c",
  "outputs": {},
  "resources": [
    {
      "module": "module.ec2_instance[\"one\"]",
      "mode": "data",
      "type": "aws_partition",
      "name": "current",
      "provider": "provider[\"registry.terraform.io/hashicorp/aws\"]",
      "instances": [
        {
          "schema_version": 0,
          "attributes": {
            "dns_suffix": "amazonaws.com",
            "id": "aws",
            "partition": "aws",
            "reverse_dns_prefix": "com.amazonaws"
          },
          "sensitive_attributes": []
        }
      ]
    },
    {
      "module": "module.ec2_instance[\"one\"]",
      "mode": "data",
      "type": "aws_ssm_parameter",
      "name": "this",
      "provider": "provider[\"registry.terraform.io/hashicorp/aws\"]",
      "instances": [
        {
          "index_key": 0,
          "schema_version": 0,
          "attributes": {
            "arn": "arn:aws:ssm:us-east-1::parameter/aws/service/ami-amazon-linux-latest/amzn2-ami-hvm-x86_64-gp2",
            "id": "/aws/service/ami-amazon-linux-latest/amzn2-ami-hvm-x86_64-gp2",
            "insecure_value": "ami-06f555bf2f102b63c",
            "name": "/aws/service/ami-amazon-linux-latest/amzn2-ami-hvm-x86_64-gp2",
            "type": "String",
            "value": "ami-06f555bf2f102b63c",
            "version": 125,
            "with_decryption": true
          },
          "sensitive_attributes": []
        }
      ]
    },
    {
      "module": "module.ec2_instance[\"one\"]",
      "mode": "managed",
      "type": "aws_instance",
      "name": "this",
      "provider": "provider[\"registry.terraform.io/hashicorp/aws\"]",
      "instances": [
        {
          "index_key": 0,
          "schema_version": 1,
          "attributes": {
            "ami": "ami-06f555bf2f102b63c",
            "arn": "arn:aws:ec2:us-east-1:835177282091:instance/i-0a5bd57d86184b04f",
            "associate_public_ip_address": true,
            "availability_zone": "us-east-1a",
            "capacity_reservation_specification": [
              {
                "capacity_reservation_preference": "open",
                "capacity_reservation_target": []
              }
            ],
            "cpu_core_count": 1,
            "cpu_options": [
              {
                "amd_sev_snp": "",
                "core_count": 1,
                "threads_per_core": 1
              }
            ],
            "cpu_threads_per_core": 1,
            "credit_specification": [
              {
                "cpu_credits": "standard"
              }
            ],
            "disable_api_stop": false,
            "disable_api_termination": false,
            "ebs_block_device": [],
            "ebs_optimized": false,
            "enclave_options": [
              {
                "enabled": false
              }
            ],
            "ephemeral_block_device": [],
            "get_password_data": false,
            "hibernation": false,
            "host_id": "",
            "host_resource_group_arn": null,
            "iam_instance_profile": "",
            "id": "i-0a5bd57d86184b04f",
            "instance_initiated_shutdown_behavior": "stop",
            "instance_lifecycle": "",
            "instance_market_options": [],
            "instance_state": "running",
            "instance_type": "t2.micro",
            "ipv6_address_count": 0,
            "ipv6_addresses": [],
            "key_name": "trading-key",
            "launch_template": [],
            "maintenance_options": [
              {
                "auto_recovery": "default"
              }
            ],
            "metadata_options": [
              {
                "http_endpoint": "enabled",
                "http_protocol_ipv6": "disabled",
                "http_put_response_hop_limit": 1,
                "http_tokens": "optional",
                "instance_metadata_tags": "disabled"
              }
            ],
            "monitoring": true,
            "network_interface": [],
            "outpost_arn": "",
            "password_data": "",
            "placement_group": "",
            "placement_partition_number": 0,
            "primary_network_interface_id": "eni-05ae4f11e10d59dcf",
            "private_dns": "ip-10-0-1-92.ec2.internal",
            "private_dns_name_options": [
              {
                "enable_resource_name_dns_a_record": false,
                "enable_resource_name_dns_aaaa_record": false,
                "hostname_type": "ip-name"
              }
            ],
            "private_ip": "10.0.1.92",
            "public_dns": "ec2-52-87-158-73.compute-1.amazonaws.com",
            "public_ip": "52.87.158.73",
            "root_block_device": [
              {
                "delete_on_termination": true,
                "device_name": "/dev/xvda",
                "encrypted": false,
                "iops": 100,
                "kms_key_id": "",
                "tags": {},
                "tags_all": {},
                "throughput": 0,
                "volume_id": "vol-05482aa20d096dd75",
                "volume_size": 8,
                "volume_type": "gp2"
              }
            ],
            "secondary_private_ips": [],
            "security_groups": [],
            "source_dest_check": true,
            "spot_instance_request_id": "",
            "subnet_id": "subnet-0a0bc0ae508bdaf9e",
            "tags": {
              "Name": "trading-instance-one"
            },
            "tags_all": {
              "Name": "trading-instance-one"
            },
            "tenancy": "default",
            "timeouts": {
              "create": null,
              "delete": null,
              "read": null,
              "update": null
            },
            "user_data": "7ce0b0fe7afe5164052d98b840353e10957bdb15",
            "user_data_base64": null,
            "user_data_replace_on_change": false,
            "volume_tags": {
              "Name": "trading-instance-one"
            },
            "vpc_security_group_ids": [
              "sg-0dd3132d76fae174b"
            ]
          },
          "sensitive_attributes": [],
          "private": "eyJlMmJmYjczMC1lY2FhLTExZTYtOGY4OC0zNDM2M2JjN2M0YzAiOnsiY3JlYXRlIjo2MDAwMDAwMDAwMDAsImRlbGV0ZSI6MTIwMDAwMDAwMDAwMCwicmVhZCI6OTAwMDAwMDAwMDAwLCJ1cGRhdGUiOjYwMDAwMDAwMDAwMH0sInNjaGVtYV92ZXJzaW9uIjoiMSJ9",
          "dependencies": [
            "module.ec2_instance.aws_iam_instance_profile.this",
            "module.ec2_instance.data.aws_ssm_parameter.this",
            "module.key_pair.aws_key_pair.this",
            "module.key_pair.tls_private_key.this",
            "module.sg.aws_security_group.this",
            "module.sg.aws_security_group.this_name_prefix",
            "module.vpc.aws_subnet.private",
            "module.vpc.aws_vpc.this",
            "module.vpc.aws_vpc_ipv4_cidr_block_association.this"
          ]
        }
      ]
    },
    {
      "module": "module.ec2_instance[\"two\"]",
      "mode": "data",
      "type": "aws_partition",
      "name": "current",
      "provider": "provider[\"registry.terraform.io/hashicorp/aws\"]",
      "instances": [
        {
          "schema_version": 0,
          "attributes": {
            "dns_suffix": "amazonaws.com",
            "id": "aws",
            "partition": "aws",
            "reverse_dns_prefix": "com.amazonaws"
          },
          "sensitive_attributes": []
        }
      ]
    },
    {
      "module": "module.ec2_instance[\"two\"]",
      "mode": "data",
      "type": "aws_ssm_parameter",
      "name": "this",
      "provider": "provider[\"registry.terraform.io/hashicorp/aws\"]",
      "instances": [
        {
          "index_key": 0,
          "schema_version": 0,
          "attributes": {
            "arn": "arn:aws:ssm:us-east-1::parameter/aws/service/ami-amazon-linux-latest/amzn2-ami-hvm-x86_64-gp2",
            "id": "/aws/service/ami-amazon-linux-latest/amzn2-ami-hvm-x86_64-gp2",
            "insecure_value": "ami-06f555bf2f102b63c",
            "name": "/aws/service/ami-amazon-linux-latest/amzn2-ami-hvm-x86_64-gp2",
            "type": "String",
            "value": "ami-06f555bf2f102b63c",
            "version": 125,
            "with_decryption": true
          },
          "sensitive_attributes": []
        }
      ]
    },
    {
      "module": "module.ec2_instance[\"two\"]",
      "mode": "managed",
      "type": "aws_instance",
      "name": "this",
      "provider": "provider[\"registry.terraform.io/hashicorp/aws\"]",
      "instances": [
        {
          "index_key": 0,
          "schema_version": 1,
          "attributes": {
            "ami": "ami-06f555bf2f102b63c",
            "arn": "arn:aws:ec2:us-east-1:835177282091:instance/i-0642673fe1ab893c4",
            "associate_public_ip_address": true,
            "availability_zone": "us-east-1a",
            "capacity_reservation_specification": [
              {
                "capacity_reservation_preference": "open",
                "capacity_reservation_target": []
              }
            ],
            "cpu_core_count": 1,
            "cpu_options": [
              {
                "amd_sev_snp": "",
                "core_count": 1,
                "threads_per_core": 1
              }
            ],
            "cpu_threads_per_core": 1,
            "credit_specification": [
              {
                "cpu_credits": "standard"
              }
            ],
            "disable_api_stop": false,
            "disable_api_termination": false,
            "ebs_block_device": [],
            "ebs_optimized": false,
            "enclave_options": [
              {
                "enabled": false
              }
            ],
            "ephemeral_block_device": [],
            "get_password_data": false,
            "hibernation": false,
            "host_id": "",
            "host_resource_group_arn": null,
            "iam_instance_profile": "",
            "id": "i-0642673fe1ab893c4",
            "instance_initiated_shutdown_behavior": "stop",
            "instance_lifecycle": "",
            "instance_market_options": [],
            "instance_state": "running",
            "instance_type": "t2.micro",
            "ipv6_address_count": 0,
            "ipv6_addresses": [],
            "key_name": "trading-key",
            "launch_template": [],
            "maintenance_options": [
              {
                "auto_recovery": "default"
              }
            ],
            "metadata_options": [
              {
                "http_endpoint": "enabled",
                "http_protocol_ipv6": "disabled",
                "http_put_response_hop_limit": 1,
                "http_tokens": "optional",
                "instance_metadata_tags": "disabled"
              }
            ],
            "monitoring": true,
            "network_interface": [],
            "outpost_arn": "",
            "password_data": "",
            "placement_group": "",
            "placement_partition_number": 0,
            "primary_network_interface_id": "eni-0609cb9b963ae8ebb",
            "private_dns": "ip-10-0-1-135.ec2.internal",
            "private_dns_name_options": [
              {
                "enable_resource_name_dns_a_record": false,
                "enable_resource_name_dns_aaaa_record": false,
                "hostname_type": "ip-name"
              }
            ],
            "private_ip": "10.0.1.135",
            "public_dns": "ec2-3-83-135-1.compute-1.amazonaws.com",
            "public_ip": "3.83.135.1",
            "root_block_device": [
              {
                "delete_on_termination": true,
                "device_name": "/dev/xvda",
                "encrypted": false,
                "iops": 100,
                "kms_key_id": "",
                "tags": {},
                "tags_all": {},
                "throughput": 0,
                "volume_id": "vol-001803fcd65735643",
                "volume_size": 8,
                "volume_type": "gp2"
              }
            ],
            "secondary_private_ips": [],
            "security_groups": [],
            "source_dest_check": true,
            "spot_instance_request_id": "",
            "subnet_id": "subnet-0a0bc0ae508bdaf9e",
            "tags": {
              "Name": "trading-instance-two"
            },
            "tags_all": {
              "Name": "trading-instance-two"
            },
            "tenancy": "default",
            "timeouts": {
              "create": null,
              "delete": null,
              "read": null,
              "update": null
            },
            "user_data": "7ce0b0fe7afe5164052d98b840353e10957bdb15",
            "user_data_base64": null,
            "user_data_replace_on_change": false,
            "volume_tags": {
              "Name": "trading-instance-two"
            },
            "vpc_security_group_ids": [
              "sg-0dd3132d76fae174b"
            ]
          },
          "sensitive_attributes": [],
          "private": "eyJlMmJmYjczMC1lY2FhLTExZTYtOGY4OC0zNDM2M2JjN2M0YzAiOnsiY3JlYXRlIjo2MDAwMDAwMDAwMDAsImRlbGV0ZSI6MTIwMDAwMDAwMDAwMCwicmVhZCI6OTAwMDAwMDAwMDAwLCJ1cGRhdGUiOjYwMDAwMDAwMDAwMH0sInNjaGVtYV92ZXJzaW9uIjoiMSJ9",
          "dependencies": [
            "module.ec2_instance.aws_iam_instance_profile.this",
            "module.ec2_instance.data.aws_ssm_parameter.this",
            "module.key_pair.aws_key_pair.this",
            "module.key_pair.tls_private_key.this",
            "module.sg.aws_security_group.this",
            "module.sg.aws_security_group.this_name_prefix",
            "module.vpc.aws_subnet.private",
            "module.vpc.aws_vpc.this",
            "module.vpc.aws_vpc_ipv4_cidr_block_association.this"
          ]
        }
      ]
    },
    {
      "module": "module.key_pair",
      "mode": "managed",
      "type": "aws_key_pair",
      "name": "this",
      "provider": "provider[\"registry.terraform.io/hashicorp/aws\"]",
      "instances": [
        {
          "index_key": 0,
          "schema_version": 1,
          "attributes": {
            "arn": "arn:aws:ec2:us-east-1:835177282091:key-pair/trading-key",
            "fingerprint": "94:eb:9a:d1:a0:55:2c:c2:b2:0f:54:c3:9c:a7:35:67",
            "id": "trading-key",
            "key_name": "trading-key",
            "key_name_prefix": "",
            "key_pair_id": "key-01cb9b049c425c121",
            "key_type": "rsa",
            "public_key": "ssh-rsa AAAAB3NzaC1yc2EAAAADAQABAAACAQC7r8/ZCjTfuvjsoAeGHPl8wIT+78yzf8g6JNiBMo0EvC2EDxMi66bMaE4kmVxfp7jwukndn8zBulUYp+1J7CBKBOCTUNG+MctObBlKGvy0O+1AHQQFzuMA1F/Wm2xf99P02UB2ntXy2Fg0pLmiQXteSBr7LJ8aVYfFC70Dzb1cRRZPfp1aa9egB2iRYxWlI6EyJc0vIvbVKYu1SWmkY0usd4E6CODGRxkIc8EHmoAllLv2SbcAbFyr/5kFrfvTnBiG82DDTy/R4JjTJFMitHuX1Oh2V+7eNyaNJwQ6dTKJ8K7WWqkKePMFzjGgfWh+LQuSP3u6euKDBswyEiTj295IytD/TP5QEwTBTEyblZgK7O1jUASIc4DhL8DW9U3pGHW+p3X0I7q2PPYa/E04AgOMbnTbZBdI2kvJojLRVzgzhkp0J08zZOmt2JFOwi87ksJ+PeJJtzMGXlvBWx+FU7V0ZwKhIrs7yqdPXwaXBPvBnOPMIzlEMIm01Xmy/Qax0AHNk3blOitmhjaYZ4erT0VIoUjZZMf8bRlZv4pzXId4dC61B+T8LQkBcwdMi75q5J08cSFds3+NIdGJQ4FvRy3LpXR9Dtgki03aGyyw3v99XIoVrpcHS69GPZjbxOi5ZOmGPstalh9HXE3G5b5xQ4+p+qGLKMloIwfS8y/EeC47wQ==",
            "tags": null,
            "tags_all": {}
          },
          "sensitive_attributes": [],
          "private": "eyJzY2hlbWFfdmVyc2lvbiI6IjEifQ==",
          "dependencies": [
            "module.key_pair.tls_private_key.this"
          ]
        }
      ]
    },
    {
      "module": "module.key_pair",
      "mode": "managed",
      "type": "tls_private_key",
      "name": "this",
      "provider": "provider[\"registry.terraform.io/hashicorp/tls\"]",
      "instances": [
        {
          "index_key": 0,
          "schema_version": 1,
          "attributes": {
            "algorithm": "RSA",
            "ecdsa_curve": "P224",
            "id": "fe2a87caecffae75c9903891ba2910501d6e1961",
            "private_key_openssh": "-----BEGIN OPENSSH PRIVATE KEY-----\nb3BlbnNzaC1rZXktdjEAAAAABG5vbmUAAAAEbm9uZQAAAAAAAAABAAACFwAAAAdz\nc2gtcnNhAAAAAwEAAQAAAgEAu6/P2Qo037r47KAHhhz5fMCE/u/Ms3/IOiTYgTKN\nBLwthA8TIuumzGhOJJlcX6e48LpJ3Z/MwbpVGKftSewgSgTgk1DRvjHLTmwZShr8\ntDvtQB0EBc7jANRf1ptsX/fT9NlAdp7V8thYNKS5okF7Xkga+yyfGlWHxQu9A829\nXEUWT36dWmvXoAdokWMVpSOhMiXNLyL21SmLtUlppGNLrHeBOgjgxkcZCHPBB5qA\nJZS79km3AGxcq/+ZBa3705wYhvNgw08v0eCY0yRTIrR7l9Todlfu3jcmjScEOnUy\nifCu1lqpCnjzBc4xoH1ofi0Lkj97unrigwbMMhIk49veSMrQ/0z+UBMEwUxMm5WY\nCuztY1AEiHOA4S/A1vVN6Rh1vqd19CO6tjz2GvxNOAIDjG5022QXSNpLyaIy0Vc4\nM4ZKdCdPM2TprdiRTsIvO5LCfj3iSbczBl5bwVsfhVO1dGcCoSK7O8qnT18GlwT7\nwZzjzCM5RDCJtNV5sv0GsdABzZN25TorZoY2mGeHq09FSKFI2WTH/G0ZWb+Kc1yH\neHQutQfk/C0JAXMHTIu+auSdPHEhXbN/jSHRiUOBb0cty6V0fQ7YJItN2hsssN7/\nfVyKFa6XB0uvRj2Y28TouWTphj7LWpYfR1xNxuW+cUOPqfqhiyjJaCMH0vMvxHgu\nO8EAAAc4wYSzTsGEs04AAAAHc3NoLXJzYQAAAgEAu6/P2Qo037r47KAHhhz5fMCE\n/u/Ms3/IOiTYgTKNBLwthA8TIuumzGhOJJlcX6e48LpJ3Z/MwbpVGKftSewgSgTg\nk1DRvjHLTmwZShr8tDvtQB0EBc7jANRf1ptsX/fT9NlAdp7V8thYNKS5okF7Xkga\n+yyfGlWHxQu9A829XEUWT36dWmvXoAdokWMVpSOhMiXNLyL21SmLtUlppGNLrHeB\nOgjgxkcZCHPBB5qAJZS79km3AGxcq/+ZBa3705wYhvNgw08v0eCY0yRTIrR7l9To\ndlfu3jcmjScEOnUyifCu1lqpCnjzBc4xoH1ofi0Lkj97unrigwbMMhIk49veSMrQ\n/0z+UBMEwUxMm5WYCuztY1AEiHOA4S/A1vVN6Rh1vqd19CO6tjz2GvxNOAIDjG50\n22QXSNpLyaIy0Vc4M4ZKdCdPM2TprdiRTsIvO5LCfj3iSbczBl5bwVsfhVO1dGcC\noSK7O8qnT18GlwT7wZzjzCM5RDCJtNV5sv0GsdABzZN25TorZoY2mGeHq09FSKFI\n2WTH/G0ZWb+Kc1yHeHQutQfk/C0JAXMHTIu+auSdPHEhXbN/jSHRiUOBb0cty6V0\nfQ7YJItN2hsssN7/fVyKFa6XB0uvRj2Y28TouWTphj7LWpYfR1xNxuW+cUOPqfqh\niyjJaCMH0vMvxHguO8EAAAADAQABAAACAQCm8+Bmx357Gf29tyiaMwH25+YmRLeJ\nYHyCxC3W11m7wYyXcTVrlcWdBJemVMlnyXFoqb11KGXiWlbCBPa+EA406Zu/T2AT\n2IVp8Bya3+C0jq4fnu/qHrutDD1oUH8Z6wEfR3XhTq8wQyRLR9BdNfSAzJE7ptis\nezK3pBZx4Ly17DrJYe6k9VMsZgqtcT9a05PbYObhLC/3M+qzy2butOkmtHM+ZZFU\nrv/klds6YUPmqiR9E9t2w+23jjjXZYmiFbN3r9z+P11hS3GGOES/lV5vlBNo2hWA\nk/x2CSPowEHBlFhiEulViHtdSaq5gXTG8FjfshrkqdT+CrjvPVaVXgqenGfk9DgQ\nFDVsDvzngnINIa8qiPc1mtOrJE4rl5YgSTGkqwSAfJlmwY8V4YuuvuDkJyPgh45L\nBBw5XD86VpWgSN98XrSs6OOFKJKF1RbZwnKNuX25zBQgA80MKSiWReI+T0ojQhVm\n2WRYWf3sQiC0RW9kCr5JAifxZ8lQTPRqQ2NMs+Dc06erDtGQx6DHKpgYkX6IcDgm\n/9IVwWOePTpRjF4oY+Pql9kTlQZ+peB/2js1O/HIQTZCmzKBJVXPazGSgNNQbONo\nQpPzhBJVwmXIRLnyfPH5o+LKUvt92Mnuqo5z4NdAFCyKh/DV6GGV9Bzu9m05RMvg\nr0tFGmfzFg8btQAAAQEA24uw5e7aewR5xfh1AfkMTw7+K/jL2qcmvUEZMDl71P/6\nmIqxzEY4dGDLfiZB//kDZpmH/bmbCRFjDaPnUNgQvaEybfyQCawD/a+CpRLjX29L\nv96Rx53hzmE7Y3w2z4Zzyj0zzpUkZJ9NppPEPEMLAwjYBv6HAmIPKBnlHFvWRyUp\n7kJ67gA7TDzbnc8wxzJYD9o5VljTOcje4pBLqKve0DH/UI47iiBQUIH75nV1O8JM\nJf/z+4u/FsbGBzZnDN4N7bOPwt+DbedID5xVWJYI1BjN6T/KOdEV5HOajwXn7YIQ\nPth5rlhaLbE1lsdTAlnEQlmWawL9n6MGAE2LF4LpRgAAAQEA7urbmlV8H4lduOWw\n82cAwej7J/QT+2Sd6aV1zncXTA0EzeEzyxNMNG5tgDEsNdmyuhyi7414KwzzNvAV\ngJ9IATlO8neWKFRY6zkxSo1EZZlX/ivOmfuisLVH6IC4SGsaPnvx7yNl8+I4Eg7F\nfHKcLEGJ2Q4yXX7J4xFkS3fC7mY/brcG3+opZycuuHrPocdddKIYvsV5JAGakpVp\nuXc0xj8hqKtcc9Q97c7G3JE28P9Rni3+93G0G1fuAvsw6cGk72gJAVbeAgratw4s\ncOOWoH7oKgNGPRCA12bxiKbWhKSEypHPddIZjqq3KwkQsxtohgtk7IVP+QJ59MGk\nBcZSOwAAAQEAyRs6kBvN4HGHgO/N9y/uOjE4HFKzH8qO6yp/zLnznnDydbIWY516\nwE6O2kh1Xu+K4WCYoJjbdqP1YUkSfQTsvQbCQroz8r3awZTzU13Dytwmx7AJoEVX\nE1pJEDv0g/c18fvvKzGr/r47oOJ8Ay5B873+Chj/AFW1QW4kn6o94JqcWCEy4yfy\nMvjX4N39mDKAa05cN0spYeYdG6P/aiiVnAMGnOHQL9xUaT5R9jtN+uba1sjBhX1m\nolbuYnOqQmKeeBaOfw5eGHl2a/eVsGpTvfqyP/8AHMw/HTHYcMmCflaoJY7v6eCW\nbI1mWM55+CRkAk+MGbgMkyGjmoTZfxvuMwAAAAAB\n-----END OPENSSH PRIVATE KEY-----\n",
            "private_key_pem": "-----BEGIN RSA PRIVATE KEY-----\nMIIJKQIBAAKCAgEAu6/P2Qo037r47KAHhhz5fMCE/u/Ms3/IOiTYgTKNBLwthA8T\nIuumzGhOJJlcX6e48LpJ3Z/MwbpVGKftSewgSgTgk1DRvjHLTmwZShr8tDvtQB0E\nBc7jANRf1ptsX/fT9NlAdp7V8thYNKS5okF7Xkga+yyfGlWHxQu9A829XEUWT36d\nWmvXoAdokWMVpSOhMiXNLyL21SmLtUlppGNLrHeBOgjgxkcZCHPBB5qAJZS79km3\nAGxcq/+ZBa3705wYhvNgw08v0eCY0yRTIrR7l9Todlfu3jcmjScEOnUyifCu1lqp\nCnjzBc4xoH1ofi0Lkj97unrigwbMMhIk49veSMrQ/0z+UBMEwUxMm5WYCuztY1AE\niHOA4S/A1vVN6Rh1vqd19CO6tjz2GvxNOAIDjG5022QXSNpLyaIy0Vc4M4ZKdCdP\nM2TprdiRTsIvO5LCfj3iSbczBl5bwVsfhVO1dGcCoSK7O8qnT18GlwT7wZzjzCM5\nRDCJtNV5sv0GsdABzZN25TorZoY2mGeHq09FSKFI2WTH/G0ZWb+Kc1yHeHQutQfk\n/C0JAXMHTIu+auSdPHEhXbN/jSHRiUOBb0cty6V0fQ7YJItN2hsssN7/fVyKFa6X\nB0uvRj2Y28TouWTphj7LWpYfR1xNxuW+cUOPqfqhiyjJaCMH0vMvxHguO8ECAwEA\nAQKCAgEApvPgZsd+exn9vbcomjMB9ufmJkS3iWB8gsQt1tdZu8GMl3E1a5XFnQSX\nplTJZ8lxaKm9dShl4lpWwgT2vhAONOmbv09gE9iFafAcmt/gtI6uH57v6h67rQw9\naFB/GesBH0d14U6vMEMkS0fQXTX0gMyRO6bYrHsyt6QWceC8tew6yWHupPVTLGYK\nrXE/WtOT22Dm4Swv9zPqs8tm7rTpJrRzPmWRVK7/5JXbOmFD5qokfRPbdsPtt444\n12WJohWzd6/c/j9dYUtxhjhEv5Veb5QTaNoVgJP8dgkj6MBBwZRYYhLpVYh7XUmq\nuYF0xvBY37Ia5KnU/gq47z1WlV4Knpxn5PQ4EBQ1bA7854JyDSGvKoj3NZrTqyRO\nK5eWIEkxpKsEgHyZZsGPFeGLrr7g5Ccj4IeOSwQcOVw/OlaVoEjffF60rOjjhSiS\nhdUW2cJyjbl9ucwUIAPNDCkolkXiPk9KI0IVZtlkWFn97EIgtEVvZAq+SQIn8WfJ\nUEz0akNjTLPg3NOnqw7RkMegxyqYGJF+iHA4Jv/SFcFjnj06UYxeKGPj6pfZE5UG\nfqXgf9o7NTvxyEE2QpsygSVVz2sxkoDTUGzjaEKT84QSVcJlyES58nzx+aPiylL7\nfdjJ7qqOc+DXQBQsiofw1ehhlfQc7vZtOUTL4K9LRRpn8xYPG7UCggEBAO7q25pV\nfB+JXbjlsPNnAMHo+yf0E/tknemldc53F0wNBM3hM8sTTDRubYAxLDXZsrocou+N\neCsM8zbwFYCfSAE5TvJ3lihUWOs5MUqNRGWZV/4rzpn7orC1R+iAuEhrGj578e8j\nZfPiOBIOxXxynCxBidkOMl1+yeMRZEt3wu5mP263Bt/qKWcnLrh6z6HHXXSiGL7F\neSQBmpKVabl3NMY/IairXHPUPe3OxtyRNvD/UZ4t/vdxtBtX7gL7MOnBpO9oCQFW\n3gIK2rcOLHDjlqB+6CoDRj0QgNdm8Yim1oSkhMqRz3XSGY6qtysJELMbaIYLZOyF\nT/kCefTBpAXGUjsCggEBAMkbOpAbzeBxh4Dvzfcv7joxOBxSsx/Kjusqf8y5855w\n8nWyFmOdesBOjtpIdV7viuFgmKCY23aj9WFJEn0E7L0GwkK6M/K92sGU81Ndw8rc\nJsewCaBFVxNaSRA79IP3NfH77ysxq/6+O6DifAMuQfO9/goY/wBVtUFuJJ+qPeCa\nnFghMuMn8jL41+Dd/ZgygGtOXDdLKWHmHRuj/2oolZwDBpzh0C/cVGk+UfY7Tfrm\n2tbIwYV9ZqJW7mJzqkJinngWjn8OXhh5dmv3lbBqU736sj//ABzMPx0x2HDJgn5W\nqCWO7+nglmyNZljOefgkZAJPjBm4DJMho5qE2X8b7jMCggEAbN3Z2VaQq7IlYcZQ\nPmk2ICXwpAEFRe1QQ5Igv0bm98GK6eFvf164v7996AcAFT2wwjugRzYYhs1s2iDG\nO4jY/63Eepnhc1kT94NlIYqDmyQnw2rkxqeyN4EzVg+paV5cZBKIaKaho2L2l8vh\nU1bKMSRgEub0LkRC7FQVdooI6ibvSpzd5hRGb3mcQXW8vQQiYq4mRm+nRq/wZlDt\nDxTxmFBWHwyOoT0aRw2M8h69gU1mPITLBKfsIPWNQBCD9lBFvs2SJOkXWqjlhrpP\np9Uc4t9RHSvGyraFbyG6d8FGSMTKuZ99gDuPZ8IEmviTgnm/xCzW/Su2CEqHle7S\ntcrr1wKCAQA8CXnxPau3nozybCTT76YyDzGOGw5IpmMGR7jBeJ4HJfbsNg9DC+dy\nc8Fn3wvTHLYcVIccIqYaBBakRXlUg1zdjZ/+5bHOfOlKs1n1AGAMNq8JHD+zbh/x\nshlv1EZKA0pChJDBF2IeedI5VIPrOysLRiQKBa5S/kNPVj9uvxcb72xPTxHvCKTg\nnLNt+TfU8PavkkQraa/f/x+fedUtbxJC8hBOU4egUimNBcLYPJoqFjMsveAwJuC2\nBDfEgn1ItkJS3YEK41IqAlDdKJuyf/uiEq6WNl1lO4B4CcJw4Weoqdwm4kYzTw35\nODlet71n3A1TN0Y/A1gVsIwz/AcmUENLAoIBAQDbi7Dl7tp7BHnF+HUB+QxPDv4r\n+Mvapya9QRkwOXvU//qYirHMRjh0YMt+JkH/+QNmmYf9uZsJEWMNo+dQ2BC9oTJt\n/JAJrAP9r4KlEuNfb0u/3pHHneHOYTtjfDbPhnPKPTPOlSRkn02mk8Q8QwsDCNgG\n/ocCYg8oGeUcW9ZHJSnuQnruADtMPNudzzDHMlgP2jlWWNM5yN7ikEuoq97QMf9Q\njjuKIFBQgfvmdXU7wkwl//P7i78WxsYHNmcM3g3ts4/C34Nt50gPnFVYlgjUGM3p\nP8o50RXkc5qPBeftghA+2HmuWFotsTWWx1MCWcRCWZZrAv2fowYATYsXgulG\n-----END RSA PRIVATE KEY-----\n",
            "private_key_pem_pkcs8": "-----BEGIN PRIVATE KEY-----\nMIIJQwIBADANBgkqhkiG9w0BAQEFAASCCS0wggkpAgEAAoICAQC7r8/ZCjTfuvjs\noAeGHPl8wIT+78yzf8g6JNiBMo0EvC2EDxMi66bMaE4kmVxfp7jwukndn8zBulUY\np+1J7CBKBOCTUNG+MctObBlKGvy0O+1AHQQFzuMA1F/Wm2xf99P02UB2ntXy2Fg0\npLmiQXteSBr7LJ8aVYfFC70Dzb1cRRZPfp1aa9egB2iRYxWlI6EyJc0vIvbVKYu1\nSWmkY0usd4E6CODGRxkIc8EHmoAllLv2SbcAbFyr/5kFrfvTnBiG82DDTy/R4JjT\nJFMitHuX1Oh2V+7eNyaNJwQ6dTKJ8K7WWqkKePMFzjGgfWh+LQuSP3u6euKDBswy\nEiTj295IytD/TP5QEwTBTEyblZgK7O1jUASIc4DhL8DW9U3pGHW+p3X0I7q2PPYa\n/E04AgOMbnTbZBdI2kvJojLRVzgzhkp0J08zZOmt2JFOwi87ksJ+PeJJtzMGXlvB\nWx+FU7V0ZwKhIrs7yqdPXwaXBPvBnOPMIzlEMIm01Xmy/Qax0AHNk3blOitmhjaY\nZ4erT0VIoUjZZMf8bRlZv4pzXId4dC61B+T8LQkBcwdMi75q5J08cSFds3+NIdGJ\nQ4FvRy3LpXR9Dtgki03aGyyw3v99XIoVrpcHS69GPZjbxOi5ZOmGPstalh9HXE3G\n5b5xQ4+p+qGLKMloIwfS8y/EeC47wQIDAQABAoICAQCm8+Bmx357Gf29tyiaMwH2\n5+YmRLeJYHyCxC3W11m7wYyXcTVrlcWdBJemVMlnyXFoqb11KGXiWlbCBPa+EA40\n6Zu/T2AT2IVp8Bya3+C0jq4fnu/qHrutDD1oUH8Z6wEfR3XhTq8wQyRLR9BdNfSA\nzJE7ptisezK3pBZx4Ly17DrJYe6k9VMsZgqtcT9a05PbYObhLC/3M+qzy2butOkm\ntHM+ZZFUrv/klds6YUPmqiR9E9t2w+23jjjXZYmiFbN3r9z+P11hS3GGOES/lV5v\nlBNo2hWAk/x2CSPowEHBlFhiEulViHtdSaq5gXTG8FjfshrkqdT+CrjvPVaVXgqe\nnGfk9DgQFDVsDvzngnINIa8qiPc1mtOrJE4rl5YgSTGkqwSAfJlmwY8V4YuuvuDk\nJyPgh45LBBw5XD86VpWgSN98XrSs6OOFKJKF1RbZwnKNuX25zBQgA80MKSiWReI+\nT0ojQhVm2WRYWf3sQiC0RW9kCr5JAifxZ8lQTPRqQ2NMs+Dc06erDtGQx6DHKpgY\nkX6IcDgm/9IVwWOePTpRjF4oY+Pql9kTlQZ+peB/2js1O/HIQTZCmzKBJVXPazGS\ngNNQbONoQpPzhBJVwmXIRLnyfPH5o+LKUvt92Mnuqo5z4NdAFCyKh/DV6GGV9Bzu\n9m05RMvgr0tFGmfzFg8btQKCAQEA7urbmlV8H4lduOWw82cAwej7J/QT+2Sd6aV1\nzncXTA0EzeEzyxNMNG5tgDEsNdmyuhyi7414KwzzNvAVgJ9IATlO8neWKFRY6zkx\nSo1EZZlX/ivOmfuisLVH6IC4SGsaPnvx7yNl8+I4Eg7FfHKcLEGJ2Q4yXX7J4xFk\nS3fC7mY/brcG3+opZycuuHrPocdddKIYvsV5JAGakpVpuXc0xj8hqKtcc9Q97c7G\n3JE28P9Rni3+93G0G1fuAvsw6cGk72gJAVbeAgratw4scOOWoH7oKgNGPRCA12bx\niKbWhKSEypHPddIZjqq3KwkQsxtohgtk7IVP+QJ59MGkBcZSOwKCAQEAyRs6kBvN\n4HGHgO/N9y/uOjE4HFKzH8qO6yp/zLnznnDydbIWY516wE6O2kh1Xu+K4WCYoJjb\ndqP1YUkSfQTsvQbCQroz8r3awZTzU13Dytwmx7AJoEVXE1pJEDv0g/c18fvvKzGr\n/r47oOJ8Ay5B873+Chj/AFW1QW4kn6o94JqcWCEy4yfyMvjX4N39mDKAa05cN0sp\nYeYdG6P/aiiVnAMGnOHQL9xUaT5R9jtN+uba1sjBhX1molbuYnOqQmKeeBaOfw5e\nGHl2a/eVsGpTvfqyP/8AHMw/HTHYcMmCflaoJY7v6eCWbI1mWM55+CRkAk+MGbgM\nkyGjmoTZfxvuMwKCAQBs3dnZVpCrsiVhxlA+aTYgJfCkAQVF7VBDkiC/Rub3wYrp\n4W9/Xri/v33oBwAVPbDCO6BHNhiGzWzaIMY7iNj/rcR6meFzWRP3g2UhioObJCfD\nauTGp7I3gTNWD6lpXlxkEohopqGjYvaXy+FTVsoxJGAS5vQuRELsVBV2igjqJu9K\nnN3mFEZveZxBdby9BCJiriZGb6dGr/BmUO0PFPGYUFYfDI6hPRpHDYzyHr2BTWY8\nhMsEp+wg9Y1AEIP2UEW+zZIk6RdaqOWGuk+n1Rzi31EdK8bKtoVvIbp3wUZIxMq5\nn32AO49nwgSa+JOCeb/ELNb9K7YISoeV7tK1yuvXAoIBADwJefE9q7eejPJsJNPv\npjIPMY4bDkimYwZHuMF4ngcl9uw2D0ML53JzwWffC9McthxUhxwiphoEFqRFeVSD\nXN2Nn/7lsc586UqzWfUAYAw2rwkcP7NuH/GyGW/URkoDSkKEkMEXYh550jlUg+s7\nKwtGJAoFrlL+Q09WP26/FxvvbE9PEe8IpOCcs235N9Tw9q+SRCtpr9//H5951S1v\nEkLyEE5Th6BSKY0Fwtg8mioWMyy94DAm4LYEN8SCfUi2QlLdgQrjUioCUN0om7J/\n+6ISrpY2XWU7gHgJwnDhZ6ip3CbiRjNPDfk4OV63vWfcDVM3Rj8DWBWwjDP8ByZQ\nQ0sCggEBANuLsOXu2nsEecX4dQH5DE8O/iv4y9qnJr1BGTA5e9T/+piKscxGOHRg\ny34mQf/5A2aZh/25mwkRYw2j51DYEL2hMm38kAmsA/2vgqUS419vS7/ekced4c5h\nO2N8Ns+Gc8o9M86VJGSfTaaTxDxDCwMI2Ab+hwJiDygZ5Rxb1kclKe5Ceu4AO0w8\n253PMMcyWA/aOVZY0znI3uKQS6ir3tAx/1COO4ogUFCB++Z1dTvCTCX/8/uLvxbG\nxgc2ZwzeDe2zj8Lfg23nSA+cVViWCNQYzek/yjnRFeRzmo8F5+2CED7Yea5YWi2x\nNZbHUwJZxEJZlmsC/Z+jBgBNixeC6UY=\n-----END PRIVATE KEY-----\n",
            "public_key_fingerprint_md5": "bc:a1:c7:ac:66:d6:cb:2e:c8:b2:72:aa:b3:16:fc:d2",
            "public_key_fingerprint_sha256": "SHA256:ri36VYbI+zKZctXtWMg0jWRWoHIQoOWlOqQnW2nkNx4",
            "public_key_openssh": "ssh-rsa AAAAB3NzaC1yc2EAAAADAQABAAACAQC7r8/ZCjTfuvjsoAeGHPl8wIT+78yzf8g6JNiBMo0EvC2EDxMi66bMaE4kmVxfp7jwukndn8zBulUYp+1J7CBKBOCTUNG+MctObBlKGvy0O+1AHQQFzuMA1F/Wm2xf99P02UB2ntXy2Fg0pLmiQXteSBr7LJ8aVYfFC70Dzb1cRRZPfp1aa9egB2iRYxWlI6EyJc0vIvbVKYu1SWmkY0usd4E6CODGRxkIc8EHmoAllLv2SbcAbFyr/5kFrfvTnBiG82DDTy/R4JjTJFMitHuX1Oh2V+7eNyaNJwQ6dTKJ8K7WWqkKePMFzjGgfWh+LQuSP3u6euKDBswyEiTj295IytD/TP5QEwTBTEyblZgK7O1jUASIc4DhL8DW9U3pGHW+p3X0I7q2PPYa/E04AgOMbnTbZBdI2kvJojLRVzgzhkp0J08zZOmt2JFOwi87ksJ+PeJJtzMGXlvBWx+FU7V0ZwKhIrs7yqdPXwaXBPvBnOPMIzlEMIm01Xmy/Qax0AHNk3blOitmhjaYZ4erT0VIoUjZZMf8bRlZv4pzXId4dC61B+T8LQkBcwdMi75q5J08cSFds3+NIdGJQ4FvRy3LpXR9Dtgki03aGyyw3v99XIoVrpcHS69GPZjbxOi5ZOmGPstalh9HXE3G5b5xQ4+p+qGLKMloIwfS8y/EeC47wQ==\n",
            "public_key_pem": "-----BEGIN PUBLIC KEY-----\nMIICIjANBgkqhkiG9w0BAQEFAAOCAg8AMIICCgKCAgEAu6/P2Qo037r47KAHhhz5\nfMCE/u/Ms3/IOiTYgTKNBLwthA8TIuumzGhOJJlcX6e48LpJ3Z/MwbpVGKftSewg\nSgTgk1DRvjHLTmwZShr8tDvtQB0EBc7jANRf1ptsX/fT9NlAdp7V8thYNKS5okF7\nXkga+yyfGlWHxQu9A829XEUWT36dWmvXoAdokWMVpSOhMiXNLyL21SmLtUlppGNL\nrHeBOgjgxkcZCHPBB5qAJZS79km3AGxcq/+ZBa3705wYhvNgw08v0eCY0yRTIrR7\nl9Todlfu3jcmjScEOnUyifCu1lqpCnjzBc4xoH1ofi0Lkj97unrigwbMMhIk49ve\nSMrQ/0z+UBMEwUxMm5WYCuztY1AEiHOA4S/A1vVN6Rh1vqd19CO6tjz2GvxNOAID\njG5022QXSNpLyaIy0Vc4M4ZKdCdPM2TprdiRTsIvO5LCfj3iSbczBl5bwVsfhVO1\ndGcCoSK7O8qnT18GlwT7wZzjzCM5RDCJtNV5sv0GsdABzZN25TorZoY2mGeHq09F\nSKFI2WTH/G0ZWb+Kc1yHeHQutQfk/C0JAXMHTIu+auSdPHEhXbN/jSHRiUOBb0ct\ny6V0fQ7YJItN2hsssN7/fVyKFa6XB0uvRj2Y28TouWTphj7LWpYfR1xNxuW+cUOP\nqfqhiyjJaCMH0vMvxHguO8ECAwEAAQ==\n-----END PUBLIC KEY-----\n",
            "rsa_bits": 4096
          },
          "sensitive_attributes": []
        }
      ]
    },
    {
      "module": "module.sg",
      "mode": "managed",
      "type": "aws_security_group",
      "name": "this_name_prefix",
      "provider": "provider[\"registry.terraform.io/hashicorp/aws\"]",
      "instances": [
        {
          "index_key": 0,
          "schema_version": 1,
          "attributes": {
            "arn": "arn:aws:ec2:us-east-1:835177282091:security-group/sg-0dd3132d76fae174b",
            "description": "Security group for the trading app instances",
            "egress": [],
            "id": "sg-0dd3132d76fae174b",
            "ingress": [],
            "name": "trading-sg-20240917164034920700000003",
            "name_prefix": "trading-sg-",
            "owner_id": "835177282091",
            "revoke_rules_on_delete": false,
            "tags": {
              "Name": "trading-sg"
            },
            "tags_all": {
              "Name": "trading-sg"
            },
            "timeouts": {
              "create": "10m",
              "delete": "15m"
            },
            "vpc_id": "vpc-047e3e87f0c4cccb6"
          },
          "sensitive_attributes": [],
          "private": "eyJlMmJmYjczMC1lY2FhLTExZTYtOGY4OC0zNDM2M2JjN2M0YzAiOnsiY3JlYXRlIjo2MDAwMDAwMDAwMDAsImRlbGV0ZSI6OTAwMDAwMDAwMDAwfSwic2NoZW1hX3ZlcnNpb24iOiIxIn0=",
          "dependencies": [
            "module.vpc.aws_vpc.this"
          ],
          "create_before_destroy": true
        }
      ]
    },
    {
      "module": "module.sg",
      "mode": "managed",
      "type": "aws_security_group_rule",
      "name": "ingress_with_cidr_blocks",
      "provider": "provider[\"registry.terraform.io/hashicorp/aws\"]",
      "instances": [
        {
          "index_key": 0,
          "schema_version": 2,
          "attributes": {
            "cidr_blocks": [
              "10.0.0.0/16"
            ],
            "description": "Custom port 5001",
            "from_port": 5001,
            "id": "sgrule-2107769248",
            "ipv6_cidr_blocks": null,
            "prefix_list_ids": null,
            "protocol": "tcp",
            "security_group_id": "sg-0dd3132d76fae174b",
            "security_group_rule_id": "sgr-00aa66899b568630a",
            "self": false,
            "source_security_group_id": null,
            "timeouts": null,
            "to_port": 5001,
            "type": "ingress"
          },
          "sensitive_attributes": [],
          "private": "eyJlMmJmYjczMC1lY2FhLTExZTYtOGY4OC0zNDM2M2JjN2M0YzAiOnsiY3JlYXRlIjozMDAwMDAwMDAwMDB9LCJzY2hlbWFfdmVyc2lvbiI6IjIifQ==",
          "dependencies": [
            "module.sg.aws_security_group.this",
            "module.sg.aws_security_group.this_name_prefix",
            "module.vpc.aws_vpc.this"
          ]
        },
        {
          "index_key": 1,
          "schema_version": 2,
          "attributes": {
            "cidr_blocks": [
              "10.0.0.0/16"
            ],
            "description": "Custom port 8000",
            "from_port": 8000,
            "id": "sgrule-1191553966",
            "ipv6_cidr_blocks": null,
            "prefix_list_ids": null,
            "protocol": "tcp",
            "security_group_id": "sg-0dd3132d76fae174b",
            "security_group_rule_id": "sgr-03cb695bdaf9a252b",
            "self": false,
            "source_security_group_id": null,
            "timeouts": null,
            "to_port": 8000,
            "type": "ingress"
          },
          "sensitive_attributes": [],
          "private": "eyJlMmJmYjczMC1lY2FhLTExZTYtOGY4OC0zNDM2M2JjN2M0YzAiOnsiY3JlYXRlIjozMDAwMDAwMDAwMDB9LCJzY2hlbWFfdmVyc2lvbiI6IjIifQ==",
          "dependencies": [
            "module.sg.aws_security_group.this",
            "module.sg.aws_security_group.this_name_prefix",
            "module.vpc.aws_vpc.this"
          ]
        }
      ]
    },
    {
      "module": "module.vpc",
      "mode": "managed",
      "type": "aws_default_network_acl",
      "name": "this",
      "provider": "provider[\"registry.terraform.io/hashicorp/aws\"]",
      "instances": [
        {
          "index_key": 0,
          "schema_version": 0,
          "attributes": {
            "arn": "arn:aws:ec2:us-east-1:835177282091:network-acl/acl-02162178b3d70a626",
            "default_network_acl_id": "acl-02162178b3d70a626",
            "egress": [
              {
                "action": "allow",
                "cidr_block": "",
                "from_port": 0,
                "icmp_code": null,
                "icmp_type": null,
                "ipv6_cidr_block": "::/0",
                "protocol": "-1",
                "rule_no": 101,
                "to_port": 0
              },
              {
                "action": "allow",
                "cidr_block": "0.0.0.0/0",
                "from_port": 0,
                "icmp_code": null,
                "icmp_type": null,
                "ipv6_cidr_block": "",
                "protocol": "-1",
                "rule_no": 100,
                "to_port": 0
              }
            ],
            "id": "acl-02162178b3d70a626",
            "ingress": [
              {
                "action": "allow",
                "cidr_block": "",
                "from_port": 0,
                "icmp_code": null,
                "icmp_type": null,
                "ipv6_cidr_block": "::/0",
                "protocol": "-1",
                "rule_no": 101,
                "to_port": 0
              },
              {
                "action": "allow",
                "cidr_block": "0.0.0.0/0",
                "from_port": 0,
                "icmp_code": null,
                "icmp_type": null,
                "ipv6_cidr_block": "",
                "protocol": "-1",
                "rule_no": 100,
                "to_port": 0
              }
            ],
            "owner_id": "835177282091",
            "subnet_ids": [
              "subnet-0504a0df77276132d",
              "subnet-07e421fe44ac7320e",
              "subnet-09ee1b78200d430e7",
              "subnet-0a0bc0ae508bdaf9e",
              "subnet-0c20fafe7726dca05",
              "subnet-0f5651126cab3109b"
            ],
            "tags": {
              "Name": "trading-vpc-default"
            },
            "tags_all": {
              "Name": "trading-vpc-default"
            },
            "vpc_id": "vpc-047e3e87f0c4cccb6"
          },
          "sensitive_attributes": [],
          "private": "bnVsbA==",
          "dependencies": [
            "module.vpc.aws_vpc.this"
          ]
        }
      ]
    },
    {
      "module": "module.vpc",
      "mode": "managed",
      "type": "aws_default_route_table",
      "name": "default",
      "provider": "provider[\"registry.terraform.io/hashicorp/aws\"]",
      "instances": [
        {
          "index_key": 0,
          "schema_version": 0,
          "attributes": {
            "arn": "arn:aws:ec2:us-east-1:835177282091:route-table/rtb-095d76fa2b733622d",
            "default_route_table_id": "rtb-095d76fa2b733622d",
            "id": "rtb-095d76fa2b733622d",
            "owner_id": "835177282091",
            "propagating_vgws": null,
            "route": [],
            "tags": {
              "Name": "trading-vpc-default"
            },
            "tags_all": {
              "Name": "trading-vpc-default"
            },
            "timeouts": {
              "create": "5m",
              "update": "5m"
            },
            "vpc_id": "vpc-047e3e87f0c4cccb6"
          },
          "sensitive_attributes": [],
          "private": "eyJlMmJmYjczMC1lY2FhLTExZTYtOGY4OC0zNDM2M2JjN2M0YzAiOnsiY3JlYXRlIjozMDAwMDAwMDAwMDAsInVwZGF0ZSI6MzAwMDAwMDAwMDAwfX0=",
          "dependencies": [
            "module.vpc.aws_vpc.this"
          ]
        }
      ]
    },
    {
      "module": "module.vpc",
      "mode": "managed",
      "type": "aws_default_security_group",
      "name": "this",
      "provider": "provider[\"registry.terraform.io/hashicorp/aws\"]",
      "instances": [
        {
          "index_key": 0,
          "schema_version": 1,
          "attributes": {
            "arn": "arn:aws:ec2:us-east-1:835177282091:security-group/sg-0f6fe14875197822f",
            "description": "default VPC security group",
            "egress": [],
            "id": "sg-0f6fe14875197822f",
            "ingress": [],
            "name": "default",
            "name_prefix": "",
            "owner_id": "835177282091",
            "revoke_rules_on_delete": false,
            "tags": {
              "Name": "trading-vpc-default"
            },
            "tags_all": {
              "Name": "trading-vpc-default"
            },
            "vpc_id": "vpc-047e3e87f0c4cccb6"
          },
          "sensitive_attributes": [],
          "private": "eyJzY2hlbWFfdmVyc2lvbiI6IjEifQ==",
          "dependencies": [
            "module.vpc.aws_vpc.this"
          ]
        }
      ]
    },
    {
      "module": "module.vpc",
      "mode": "managed",
      "type": "aws_eip",
      "name": "nat",
      "provider": "provider[\"registry.terraform.io/hashicorp/aws\"]",
      "instances": [
        {
          "index_key": 0,
          "schema_version": 0,
          "attributes": {
            "address": null,
            "allocation_id": "eipalloc-07b49b652a7c71b1b",
            "arn": "arn:aws:ec2:us-east-1:835177282091:elastic-ip/eipalloc-07b49b652a7c71b1b",
            "associate_with_private_ip": null,
            "association_id": "",
            "carrier_ip": "",
            "customer_owned_ip": "",
            "customer_owned_ipv4_pool": "",
            "domain": "vpc",
            "id": "eipalloc-07b49b652a7c71b1b",
            "instance": "",
            "network_border_group": "us-east-1",
            "network_interface": "",
            "private_dns": null,
            "private_ip": "",
            "ptr_record": "",
            "public_dns": "ec2-34-196-36-51.compute-1.amazonaws.com",
            "public_ip": "34.196.36.51",
            "public_ipv4_pool": "amazon",
            "tags": {
              "Name": "trading-vpc-us-east-1a"
            },
            "tags_all": {
              "Name": "trading-vpc-us-east-1a"
            },
            "timeouts": null,
            "vpc": true
          },
          "sensitive_attributes": [],
          "private": "eyJlMmJmYjczMC1lY2FhLTExZTYtOGY4OC0zNDM2M2JjN2M0YzAiOnsiZGVsZXRlIjoxODAwMDAwMDAwMDAsInJlYWQiOjkwMDAwMDAwMDAwMCwidXBkYXRlIjozMDAwMDAwMDAwMDB9fQ==",
          "dependencies": [
            "module.vpc.aws_internet_gateway.this",
            "module.vpc.aws_vpc.this",
            "module.vpc.aws_vpc_ipv4_cidr_block_association.this"
          ]
        }
      ]
    },
    {
      "module": "module.vpc",
      "mode": "managed",
      "type": "aws_internet_gateway",
      "name": "this",
      "provider": "provider[\"registry.terraform.io/hashicorp/aws\"]",
      "instances": [
        {
          "index_key": 0,
          "schema_version": 0,
          "attributes": {
            "arn": "arn:aws:ec2:us-east-1:835177282091:internet-gateway/igw-073f0d73a753d031c",
            "id": "igw-073f0d73a753d031c",
            "owner_id": "835177282091",
            "tags": {
              "Name": "trading-vpc"
            },
            "tags_all": {
              "Name": "trading-vpc"
            },
            "timeouts": null,
            "vpc_id": "vpc-047e3e87f0c4cccb6"
          },
          "sensitive_attributes": [],
          "private": "eyJlMmJmYjczMC1lY2FhLTExZTYtOGY4OC0zNDM2M2JjN2M0YzAiOnsiY3JlYXRlIjoxMjAwMDAwMDAwMDAwLCJkZWxldGUiOjEyMDAwMDAwMDAwMDAsInVwZGF0ZSI6MTIwMDAwMDAwMDAwMH19",
          "dependencies": [
            "module.vpc.aws_vpc.this",
            "module.vpc.aws_vpc_ipv4_cidr_block_association.this"
          ]
        }
      ]
    },
    {
      "module": "module.vpc",
      "mode": "managed",
      "type": "aws_nat_gateway",
      "name": "this",
      "provider": "provider[\"registry.terraform.io/hashicorp/aws\"]",
      "instances": [
        {
          "index_key": 0,
          "schema_version": 0,
          "attributes": {
            "allocation_id": "eipalloc-07b49b652a7c71b1b",
            "association_id": "eipassoc-022171788d17d800b",
            "connectivity_type": "public",
            "id": "nat-04f726a55abbd986b",
            "network_interface_id": "eni-0b03e729792a963b4",
            "private_ip": "10.0.101.62",
            "public_ip": "34.196.36.51",
            "secondary_allocation_ids": null,
            "secondary_private_ip_address_count": 0,
            "secondary_private_ip_addresses": [],
            "subnet_id": "subnet-0504a0df77276132d",
            "tags": {
              "Name": "trading-vpc-us-east-1a"
            },
            "tags_all": {
              "Name": "trading-vpc-us-east-1a"
            },
            "timeouts": null
          },
          "sensitive_attributes": [],
          "private": "eyJlMmJmYjczMC1lY2FhLTExZTYtOGY4OC0zNDM2M2JjN2M0YzAiOnsiY3JlYXRlIjo2MDAwMDAwMDAwMDAsImRlbGV0ZSI6MTgwMDAwMDAwMDAwMCwidXBkYXRlIjo2MDAwMDAwMDAwMDB9fQ==",
          "dependencies": [
            "module.vpc.aws_eip.nat",
            "module.vpc.aws_internet_gateway.this",
            "module.vpc.aws_subnet.public",
            "module.vpc.aws_vpc.this",
            "module.vpc.aws_vpc_ipv4_cidr_block_association.this"
          ]
        }
      ]
    },
    {
      "module": "module.vpc",
      "mode": "managed",
      "type": "aws_route",
      "name": "private_nat_gateway",
      "provider": "provider[\"registry.terraform.io/hashicorp/aws\"]",
      "instances": [
        {
          "index_key": 0,
          "schema_version": 0,
          "attributes": {
            "carrier_gateway_id": "",
            "core_network_arn": "",
            "destination_cidr_block": "0.0.0.0/0",
            "destination_ipv6_cidr_block": "",
            "destination_prefix_list_id": "",
            "egress_only_gateway_id": "",
            "gateway_id": "",
            "id": "r-rtb-062d44fd2c6000f411080289494",
            "instance_id": "",
            "instance_owner_id": "",
            "local_gateway_id": "",
            "nat_gateway_id": "nat-04f726a55abbd986b",
            "network_interface_id": "",
            "origin": "CreateRoute",
            "route_table_id": "rtb-062d44fd2c6000f41",
            "state": "active",
            "timeouts": {
              "create": "5m",
              "delete": null,
              "update": null
            },
            "transit_gateway_id": "",
            "vpc_endpoint_id": "",
            "vpc_peering_connection_id": ""
          },
          "sensitive_attributes": [],
          "private": "eyJlMmJmYjczMC1lY2FhLTExZTYtOGY4OC0zNDM2M2JjN2M0YzAiOnsiY3JlYXRlIjozMDAwMDAwMDAwMDAsImRlbGV0ZSI6MzAwMDAwMDAwMDAwLCJ1cGRhdGUiOjEyMDAwMDAwMDAwMH19",
          "dependencies": [
            "module.vpc.aws_eip.nat",
            "module.vpc.aws_internet_gateway.this",
            "module.vpc.aws_nat_gateway.this",
            "module.vpc.aws_route_table.private",
            "module.vpc.aws_subnet.public",
            "module.vpc.aws_vpc.this",
            "module.vpc.aws_vpc_ipv4_cidr_block_association.this"
          ]
        }
      ]
    },
    {
      "module": "module.vpc",
      "mode": "managed",
      "type": "aws_route",
      "name": "public_internet_gateway",
      "provider": "provider[\"registry.terraform.io/hashicorp/aws\"]",
      "instances": [
        {
          "index_key": 0,
          "schema_version": 0,
          "attributes": {
            "carrier_gateway_id": "",
            "core_network_arn": "",
            "destination_cidr_block": "0.0.0.0/0",
            "destination_ipv6_cidr_block": "",
            "destination_prefix_list_id": "",
            "egress_only_gateway_id": "",
            "gateway_id": "igw-073f0d73a753d031c",
            "id": "r-rtb-00dfb84d261e9ab3a1080289494",
            "instance_id": "",
            "instance_owner_id": "",
            "local_gateway_id": "",
            "nat_gateway_id": "",
            "network_interface_id": "",
            "origin": "CreateRoute",
            "route_table_id": "rtb-00dfb84d261e9ab3a",
            "state": "active",
            "timeouts": {
              "create": "5m",
              "delete": null,
              "update": null
            },
            "transit_gateway_id": "",
            "vpc_endpoint_id": "",
            "vpc_peering_connection_id": ""
          },
          "sensitive_attributes": [],
          "private": "eyJlMmJmYjczMC1lY2FhLTExZTYtOGY4OC0zNDM2M2JjN2M0YzAiOnsiY3JlYXRlIjozMDAwMDAwMDAwMDAsImRlbGV0ZSI6MzAwMDAwMDAwMDAwLCJ1cGRhdGUiOjEyMDAwMDAwMDAwMH19",
          "dependencies": [
            "module.vpc.aws_internet_gateway.this",
            "module.vpc.aws_route_table.public",
            "module.vpc.aws_vpc.this",
            "module.vpc.aws_vpc_ipv4_cidr_block_association.this"
          ]
        }
      ]
    },
    {
      "module": "module.vpc",
      "mode": "managed",
      "type": "aws_route_table",
      "name": "private",
      "provider": "provider[\"registry.terraform.io/hashicorp/aws\"]",
      "instances": [
        {
          "index_key": 0,
          "schema_version": 0,
          "attributes": {
            "arn": "arn:aws:ec2:us-east-1:835177282091:route-table/rtb-062d44fd2c6000f41",
            "id": "rtb-062d44fd2c6000f41",
            "owner_id": "835177282091",
            "propagating_vgws": [],
            "route": [],
            "tags": {
              "Name": "trading-vpc-private"
            },
            "tags_all": {
              "Name": "trading-vpc-private"
            },
            "timeouts": null,
            "vpc_id": "vpc-047e3e87f0c4cccb6"
          },
          "sensitive_attributes": [],
          "private": "eyJlMmJmYjczMC1lY2FhLTExZTYtOGY4OC0zNDM2M2JjN2M0YzAiOnsiY3JlYXRlIjozMDAwMDAwMDAwMDAsImRlbGV0ZSI6MzAwMDAwMDAwMDAwLCJ1cGRhdGUiOjEyMDAwMDAwMDAwMH19",
          "dependencies": [
            "module.vpc.aws_vpc.this",
            "module.vpc.aws_vpc_ipv4_cidr_block_association.this"
          ]
        }
      ]
    },
    {
      "module": "module.vpc",
      "mode": "managed",
      "type": "aws_route_table",
      "name": "public",
      "provider": "provider[\"registry.terraform.io/hashicorp/aws\"]",
      "instances": [
        {
          "index_key": 0,
          "schema_version": 0,
          "attributes": {
            "arn": "arn:aws:ec2:us-east-1:835177282091:route-table/rtb-00dfb84d261e9ab3a",
            "id": "rtb-00dfb84d261e9ab3a",
            "owner_id": "835177282091",
            "propagating_vgws": [],
            "route": [],
            "tags": {
              "Name": "trading-vpc-public"
            },
            "tags_all": {
              "Name": "trading-vpc-public"
            },
            "timeouts": null,
            "vpc_id": "vpc-047e3e87f0c4cccb6"
          },
          "sensitive_attributes": [],
          "private": "eyJlMmJmYjczMC1lY2FhLTExZTYtOGY4OC0zNDM2M2JjN2M0YzAiOnsiY3JlYXRlIjozMDAwMDAwMDAwMDAsImRlbGV0ZSI6MzAwMDAwMDAwMDAwLCJ1cGRhdGUiOjEyMDAwMDAwMDAwMH19",
          "dependencies": [
            "module.vpc.aws_vpc.this",
            "module.vpc.aws_vpc_ipv4_cidr_block_association.this"
          ]
        }
      ]
    },
    {
      "module": "module.vpc",
      "mode": "managed",
      "type": "aws_route_table_association",
      "name": "private",
      "provider": "provider[\"registry.terraform.io/hashicorp/aws\"]",
      "instances": [
        {
          "index_key": 0,
          "schema_version": 0,
          "attributes": {
            "gateway_id": "",
            "id": "rtbassoc-0718f885358559a70",
            "route_table_id": "rtb-062d44fd2c6000f41",
            "subnet_id": "subnet-0a0bc0ae508bdaf9e",
            "timeouts": null
          },
          "sensitive_attributes": [],
          "private": "eyJlMmJmYjczMC1lY2FhLTExZTYtOGY4OC0zNDM2M2JjN2M0YzAiOnsiY3JlYXRlIjozMDAwMDAwMDAwMDAsImRlbGV0ZSI6MzAwMDAwMDAwMDAwLCJ1cGRhdGUiOjEyMDAwMDAwMDAwMH19",
          "dependencies": [
            "module.vpc.aws_route_table.private",
            "module.vpc.aws_subnet.private",
            "module.vpc.aws_vpc.this",
            "module.vpc.aws_vpc_ipv4_cidr_block_association.this"
          ]
        },
        {
          "index_key": 1,
          "schema_version": 0,
          "attributes": {
            "gateway_id": "",
            "id": "rtbassoc-06368c2e8c3baf6e4",
            "route_table_id": "rtb-062d44fd2c6000f41",
            "subnet_id": "subnet-09ee1b78200d430e7",
            "timeouts": null
          },
          "sensitive_attributes": [],
          "private": "eyJlMmJmYjczMC1lY2FhLTExZTYtOGY4OC0zNDM2M2JjN2M0YzAiOnsiY3JlYXRlIjozMDAwMDAwMDAwMDAsImRlbGV0ZSI6MzAwMDAwMDAwMDAwLCJ1cGRhdGUiOjEyMDAwMDAwMDAwMH19",
          "dependencies": [
            "module.vpc.aws_route_table.private",
            "module.vpc.aws_subnet.private",
            "module.vpc.aws_vpc.this",
            "module.vpc.aws_vpc_ipv4_cidr_block_association.this"
          ]
        },
        {
          "index_key": 2,
          "schema_version": 0,
          "attributes": {
            "gateway_id": "",
            "id": "rtbassoc-0c43c56aa8fbeb258",
            "route_table_id": "rtb-062d44fd2c6000f41",
            "subnet_id": "subnet-0f5651126cab3109b",
            "timeouts": null
          },
          "sensitive_attributes": [],
          "private": "eyJlMmJmYjczMC1lY2FhLTExZTYtOGY4OC0zNDM2M2JjN2M0YzAiOnsiY3JlYXRlIjozMDAwMDAwMDAwMDAsImRlbGV0ZSI6MzAwMDAwMDAwMDAwLCJ1cGRhdGUiOjEyMDAwMDAwMDAwMH19",
          "dependencies": [
            "module.vpc.aws_route_table.private",
            "module.vpc.aws_subnet.private",
            "module.vpc.aws_vpc.this",
            "module.vpc.aws_vpc_ipv4_cidr_block_association.this"
          ]
        }
      ]
    },
    {
      "module": "module.vpc",
      "mode": "managed",
      "type": "aws_route_table_association",
      "name": "public",
      "provider": "provider[\"registry.terraform.io/hashicorp/aws\"]",
      "instances": [
        {
          "index_key": 0,
          "schema_version": 0,
          "attributes": {
            "gateway_id": "",
            "id": "rtbassoc-02c2bc385df961937",
            "route_table_id": "rtb-00dfb84d261e9ab3a",
            "subnet_id": "subnet-0504a0df77276132d",
            "timeouts": null
          },
          "sensitive_attributes": [],
          "private": "eyJlMmJmYjczMC1lY2FhLTExZTYtOGY4OC0zNDM2M2JjN2M0YzAiOnsiY3JlYXRlIjozMDAwMDAwMDAwMDAsImRlbGV0ZSI6MzAwMDAwMDAwMDAwLCJ1cGRhdGUiOjEyMDAwMDAwMDAwMH19",
          "dependencies": [
            "module.vpc.aws_route_table.public",
            "module.vpc.aws_subnet.public",
            "module.vpc.aws_vpc.this",
            "module.vpc.aws_vpc_ipv4_cidr_block_association.this"
          ]
        },
        {
          "index_key": 1,
          "schema_version": 0,
          "attributes": {
            "gateway_id": "",
            "id": "rtbassoc-0a5d4e3d89942ecaa",
            "route_table_id": "rtb-00dfb84d261e9ab3a",
            "subnet_id": "subnet-0c20fafe7726dca05",
            "timeouts": null
          },
          "sensitive_attributes": [],
          "private": "eyJlMmJmYjczMC1lY2FhLTExZTYtOGY4OC0zNDM2M2JjN2M0YzAiOnsiY3JlYXRlIjozMDAwMDAwMDAwMDAsImRlbGV0ZSI6MzAwMDAwMDAwMDAwLCJ1cGRhdGUiOjEyMDAwMDAwMDAwMH19",
          "dependencies": [
            "module.vpc.aws_route_table.public",
            "module.vpc.aws_subnet.public",
            "module.vpc.aws_vpc.this",
            "module.vpc.aws_vpc_ipv4_cidr_block_association.this"
          ]
        },
        {
          "index_key": 2,
          "schema_version": 0,
          "attributes": {
            "gateway_id": "",
            "id": "rtbassoc-0998910b3077cea80",
            "route_table_id": "rtb-00dfb84d261e9ab3a",
            "subnet_id": "subnet-07e421fe44ac7320e",
            "timeouts": null
          },
          "sensitive_attributes": [],
          "private": "eyJlMmJmYjczMC1lY2FhLTExZTYtOGY4OC0zNDM2M2JjN2M0YzAiOnsiY3JlYXRlIjozMDAwMDAwMDAwMDAsImRlbGV0ZSI6MzAwMDAwMDAwMDAwLCJ1cGRhdGUiOjEyMDAwMDAwMDAwMH19",
          "dependencies": [
            "module.vpc.aws_route_table.public",
            "module.vpc.aws_subnet.public",
            "module.vpc.aws_vpc.this",
            "module.vpc.aws_vpc_ipv4_cidr_block_association.this"
          ]
        }
      ]
    },
    {
      "module": "module.vpc",
      "mode": "managed",
      "type": "aws_subnet",
      "name": "private",
      "provider": "provider[\"registry.terraform.io/hashicorp/aws\"]",
      "instances": [
        {
          "index_key": 0,
          "schema_version": 1,
          "attributes": {
            "arn": "arn:aws:ec2:us-east-1:835177282091:subnet/subnet-0a0bc0ae508bdaf9e",
            "assign_ipv6_address_on_creation": false,
            "availability_zone": "us-east-1a",
            "availability_zone_id": "use1-az2",
            "cidr_block": "10.0.1.0/24",
            "customer_owned_ipv4_pool": "",
            "enable_dns64": false,
            "enable_lni_at_device_index": 0,
            "enable_resource_name_dns_a_record_on_launch": false,
            "enable_resource_name_dns_aaaa_record_on_launch": false,
            "id": "subnet-0a0bc0ae508bdaf9e",
            "ipv6_cidr_block": "",
            "ipv6_cidr_block_association_id": "",
            "ipv6_native": false,
            "map_customer_owned_ip_on_launch": false,
            "map_public_ip_on_launch": false,
            "outpost_arn": "",
            "owner_id": "835177282091",
            "private_dns_hostname_type_on_launch": "ip-name",
            "tags": {
              "Name": "trading-vpc-private-us-east-1a"
            },
            "tags_all": {
              "Name": "trading-vpc-private-us-east-1a"
            },
            "timeouts": null,
            "vpc_id": "vpc-047e3e87f0c4cccb6"
          },
          "sensitive_attributes": [],
          "private": "eyJlMmJmYjczMC1lY2FhLTExZTYtOGY4OC0zNDM2M2JjN2M0YzAiOnsiY3JlYXRlIjo2MDAwMDAwMDAwMDAsImRlbGV0ZSI6MTIwMDAwMDAwMDAwMH0sInNjaGVtYV92ZXJzaW9uIjoiMSJ9",
          "dependencies": [
            "module.vpc.aws_vpc.this",
            "module.vpc.aws_vpc_ipv4_cidr_block_association.this"
          ]
        },
        {
          "index_key": 1,
          "schema_version": 1,
          "attributes": {
            "arn": "arn:aws:ec2:us-east-1:835177282091:subnet/subnet-09ee1b78200d430e7",
            "assign_ipv6_address_on_creation": false,
            "availability_zone": "us-east-1b",
            "availability_zone_id": "use1-az4",
            "cidr_block": "10.0.2.0/24",
            "customer_owned_ipv4_pool": "",
            "enable_dns64": false,
            "enable_lni_at_device_index": 0,
            "enable_resource_name_dns_a_record_on_launch": false,
            "enable_resource_name_dns_aaaa_record_on_launch": false,
            "id": "subnet-09ee1b78200d430e7",
            "ipv6_cidr_block": "",
            "ipv6_cidr_block_association_id": "",
            "ipv6_native": false,
            "map_customer_owned_ip_on_launch": false,
            "map_public_ip_on_launch": false,
            "outpost_arn": "",
            "owner_id": "835177282091",
            "private_dns_hostname_type_on_launch": "ip-name",
            "tags": {
              "Name": "trading-vpc-private-us-east-1b"
            },
            "tags_all": {
              "Name": "trading-vpc-private-us-east-1b"
            },
            "timeouts": null,
            "vpc_id": "vpc-047e3e87f0c4cccb6"
          },
          "sensitive_attributes": [],
          "private": "eyJlMmJmYjczMC1lY2FhLTExZTYtOGY4OC0zNDM2M2JjN2M0YzAiOnsiY3JlYXRlIjo2MDAwMDAwMDAwMDAsImRlbGV0ZSI6MTIwMDAwMDAwMDAwMH0sInNjaGVtYV92ZXJzaW9uIjoiMSJ9",
          "dependencies": [
            "module.vpc.aws_vpc.this",
            "module.vpc.aws_vpc_ipv4_cidr_block_association.this"
          ]
        },
        {
          "index_key": 2,
          "schema_version": 1,
          "attributes": {
            "arn": "arn:aws:ec2:us-east-1:835177282091:subnet/subnet-0f5651126cab3109b",
            "assign_ipv6_address_on_creation": false,
            "availability_zone": "us-east-1c",
            "availability_zone_id": "use1-az6",
            "cidr_block": "10.0.3.0/24",
            "customer_owned_ipv4_pool": "",
            "enable_dns64": false,
            "enable_lni_at_device_index": 0,
            "enable_resource_name_dns_a_record_on_launch": false,
            "enable_resource_name_dns_aaaa_record_on_launch": false,
            "id": "subnet-0f5651126cab3109b",
            "ipv6_cidr_block": "",
            "ipv6_cidr_block_association_id": "",
            "ipv6_native": false,
            "map_customer_owned_ip_on_launch": false,
            "map_public_ip_on_launch": false,
            "outpost_arn": "",
            "owner_id": "835177282091",
            "private_dns_hostname_type_on_launch": "ip-name",
            "tags": {
              "Name": "trading-vpc-private-us-east-1c"
            },
            "tags_all": {
              "Name": "trading-vpc-private-us-east-1c"
            },
            "timeouts": null,
            "vpc_id": "vpc-047e3e87f0c4cccb6"
          },
          "sensitive_attributes": [],
          "private": "eyJlMmJmYjczMC1lY2FhLTExZTYtOGY4OC0zNDM2M2JjN2M0YzAiOnsiY3JlYXRlIjo2MDAwMDAwMDAwMDAsImRlbGV0ZSI6MTIwMDAwMDAwMDAwMH0sInNjaGVtYV92ZXJzaW9uIjoiMSJ9",
          "dependencies": [
            "module.vpc.aws_vpc.this",
            "module.vpc.aws_vpc_ipv4_cidr_block_association.this"
          ]
        }
      ]
    },
    {
      "module": "module.vpc",
      "mode": "managed",
      "type": "aws_subnet",
      "name": "public",
      "provider": "provider[\"registry.terraform.io/hashicorp/aws\"]",
      "instances": [
        {
          "index_key": 0,
          "schema_version": 1,
          "attributes": {
            "arn": "arn:aws:ec2:us-east-1:835177282091:subnet/subnet-0504a0df77276132d",
            "assign_ipv6_address_on_creation": false,
            "availability_zone": "us-east-1a",
            "availability_zone_id": "use1-az2",
            "cidr_block": "10.0.101.0/24",
            "customer_owned_ipv4_pool": "",
            "enable_dns64": false,
            "enable_lni_at_device_index": 0,
            "enable_resource_name_dns_a_record_on_launch": false,
            "enable_resource_name_dns_aaaa_record_on_launch": false,
            "id": "subnet-0504a0df77276132d",
            "ipv6_cidr_block": "",
            "ipv6_cidr_block_association_id": "",
            "ipv6_native": false,
            "map_customer_owned_ip_on_launch": false,
            "map_public_ip_on_launch": false,
            "outpost_arn": "",
            "owner_id": "835177282091",
            "private_dns_hostname_type_on_launch": "ip-name",
            "tags": {
              "Name": "trading-vpc-public-us-east-1a"
            },
            "tags_all": {
              "Name": "trading-vpc-public-us-east-1a"
            },
            "timeouts": null,
            "vpc_id": "vpc-047e3e87f0c4cccb6"
          },
          "sensitive_attributes": [],
          "private": "eyJlMmJmYjczMC1lY2FhLTExZTYtOGY4OC0zNDM2M2JjN2M0YzAiOnsiY3JlYXRlIjo2MDAwMDAwMDAwMDAsImRlbGV0ZSI6MTIwMDAwMDAwMDAwMH0sInNjaGVtYV92ZXJzaW9uIjoiMSJ9",
          "dependencies": [
            "module.vpc.aws_vpc.this",
            "module.vpc.aws_vpc_ipv4_cidr_block_association.this"
          ]
        },
        {
          "index_key": 1,
          "schema_version": 1,
          "attributes": {
            "arn": "arn:aws:ec2:us-east-1:835177282091:subnet/subnet-0c20fafe7726dca05",
            "assign_ipv6_address_on_creation": false,
            "availability_zone": "us-east-1b",
            "availability_zone_id": "use1-az4",
            "cidr_block": "10.0.102.0/24",
            "customer_owned_ipv4_pool": "",
            "enable_dns64": false,
            "enable_lni_at_device_index": 0,
            "enable_resource_name_dns_a_record_on_launch": false,
            "enable_resource_name_dns_aaaa_record_on_launch": false,
            "id": "subnet-0c20fafe7726dca05",
            "ipv6_cidr_block": "",
            "ipv6_cidr_block_association_id": "",
            "ipv6_native": false,
            "map_customer_owned_ip_on_launch": false,
            "map_public_ip_on_launch": false,
            "outpost_arn": "",
            "owner_id": "835177282091",
            "private_dns_hostname_type_on_launch": "ip-name",
            "tags": {
              "Name": "trading-vpc-public-us-east-1b"
            },
            "tags_all": {
              "Name": "trading-vpc-public-us-east-1b"
            },
            "timeouts": null,
            "vpc_id": "vpc-047e3e87f0c4cccb6"
          },
          "sensitive_attributes": [],
          "private": "eyJlMmJmYjczMC1lY2FhLTExZTYtOGY4OC0zNDM2M2JjN2M0YzAiOnsiY3JlYXRlIjo2MDAwMDAwMDAwMDAsImRlbGV0ZSI6MTIwMDAwMDAwMDAwMH0sInNjaGVtYV92ZXJzaW9uIjoiMSJ9",
          "dependencies": [
            "module.vpc.aws_vpc.this",
            "module.vpc.aws_vpc_ipv4_cidr_block_association.this"
          ]
        },
        {
          "index_key": 2,
          "schema_version": 1,
          "attributes": {
            "arn": "arn:aws:ec2:us-east-1:835177282091:subnet/subnet-07e421fe44ac7320e",
            "assign_ipv6_address_on_creation": false,
            "availability_zone": "us-east-1c",
            "availability_zone_id": "use1-az6",
            "cidr_block": "10.0.103.0/24",
            "customer_owned_ipv4_pool": "",
            "enable_dns64": false,
            "enable_lni_at_device_index": 0,
            "enable_resource_name_dns_a_record_on_launch": false,
            "enable_resource_name_dns_aaaa_record_on_launch": false,
            "id": "subnet-07e421fe44ac7320e",
            "ipv6_cidr_block": "",
            "ipv6_cidr_block_association_id": "",
            "ipv6_native": false,
            "map_customer_owned_ip_on_launch": false,
            "map_public_ip_on_launch": false,
            "outpost_arn": "",
            "owner_id": "835177282091",
            "private_dns_hostname_type_on_launch": "ip-name",
            "tags": {
              "Name": "trading-vpc-public-us-east-1c"
            },
            "tags_all": {
              "Name": "trading-vpc-public-us-east-1c"
            },
            "timeouts": null,
            "vpc_id": "vpc-047e3e87f0c4cccb6"
          },
          "sensitive_attributes": [],
          "private": "eyJlMmJmYjczMC1lY2FhLTExZTYtOGY4OC0zNDM2M2JjN2M0YzAiOnsiY3JlYXRlIjo2MDAwMDAwMDAwMDAsImRlbGV0ZSI6MTIwMDAwMDAwMDAwMH0sInNjaGVtYV92ZXJzaW9uIjoiMSJ9",
          "dependencies": [
            "module.vpc.aws_vpc.this",
            "module.vpc.aws_vpc_ipv4_cidr_block_association.this"
          ]
        }
      ]
    },
    {
      "module": "module.vpc",
      "mode": "managed",
      "type": "aws_vpc",
      "name": "this",
      "provider": "provider[\"registry.terraform.io/hashicorp/aws\"]",
      "instances": [
        {
          "index_key": 0,
          "schema_version": 1,
          "attributes": {
            "arn": "arn:aws:ec2:us-east-1:835177282091:vpc/vpc-047e3e87f0c4cccb6",
            "assign_generated_ipv6_cidr_block": false,
            "cidr_block": "10.0.0.0/16",
            "default_network_acl_id": "acl-02162178b3d70a626",
            "default_route_table_id": "rtb-095d76fa2b733622d",
            "default_security_group_id": "sg-0f6fe14875197822f",
            "dhcp_options_id": "dopt-0933aecd1b5af6b0c",
            "enable_dns_hostnames": true,
            "enable_dns_support": true,
            "enable_network_address_usage_metrics": false,
            "id": "vpc-047e3e87f0c4cccb6",
            "instance_tenancy": "default",
            "ipv4_ipam_pool_id": null,
            "ipv4_netmask_length": null,
            "ipv6_association_id": "",
            "ipv6_cidr_block": "",
            "ipv6_cidr_block_network_border_group": "",
            "ipv6_ipam_pool_id": "",
            "ipv6_netmask_length": 0,
            "main_route_table_id": "rtb-095d76fa2b733622d",
            "owner_id": "835177282091",
            "tags": {
              "Name": "trading-vpc"
            },
            "tags_all": {
              "Name": "trading-vpc"
            }
          },
          "sensitive_attributes": [],
          "private": "eyJzY2hlbWFfdmVyc2lvbiI6IjEifQ==",
          "create_before_destroy": true
        }
      ]
    }
  ],
  "check_results": null
}
